
Microsoft Visual Studio Solution File, Format Version 11.00
# Visual Studio 2010
Project("{FAE04EC0-301F-11D3-BF4B-00C04F79EFBC}") = "NuGenMediImage", "NuGenMediImage.csproj", "{A2870A01-BAFD-4CAB-BA8B-7AA984BA5494}"
EndProject
Project("{FAE04EC0-301F-11D3-BF4B-00C04F79EFBC}") = "NuGenAnnotations", "..\NuGenAnnotations\NuGenAnnotations.csproj", "{C2F951D8-2CB6-4AB5-9029-1EE3FCDB910A}"
EndProject
Project("{FAE04EC0-301F-11D3-BF4B-00C04F79EFBC}") = "WindowsFormsApplication1", "..\WindowsFormsApplication1\WindowsFormsApplication1.csproj", "{6BC952F2-FCA7-4178-8E01-7C94392CA4D6}"
EndProject
Global
	GlobalSection(SolutionConfigurationPlatforms) = preSolution
		Debug|Any CPU = Debug|Any CPU
		Debug|Mixed Platforms = Debug|Mixed Platforms
		Debug|x86 = Debug|x86
		Release|Any CPU = Release|Any CPU
		Release|Mixed Platforms = Release|Mixed Platforms
		Release|x86 = Release|x86
	EndGlobalSection
	GlobalSection(ProjectConfigurationPlatforms) = postSolution
		{A2870A01-BAFD-4CAB-BA8B-7AA984BA5494}.Debug|Any CPU.ActiveCfg = Debug|Any CPU
		{A2870A01-BAFD-4CAB-BA8B-7AA984BA5494}.Debug|Any CPU.Build.0 = Debug|Any CPU
		{A2870A01-BAFD-4CAB-BA8B-7AA984BA5494}.Debug|Mixed Platforms.ActiveCfg = Debug|Any CPU
		{A2870A01-BAFD-4CAB-BA8B-7AA984BA5494}.Debug|Mixed Platforms.Build.0 = Debug|Any CPU
		{A2870A01-BAFD-4CAB-BA8B-7AA984BA5494}.Debug|x86.ActiveCfg = Debug|Any CPU
		{A2870A01-BAFD-4CAB-BA8B-7AA984BA5494}.Release|Any CPU.ActiveCfg = Release|Any CPU
		{A2870A01-BAFD-4CAB-BA8B-7AA984BA5494}.Release|Any CPU.Build.0 = Release|Any CPU
		{A2870A01-BAFD-4CAB-BA8B-7AA984BA5494}.Release|Mixed Platforms.ActiveCfg = Release|Any CPU
		{A2870A01-BAFD-4CAB-BA8B-7AA984BA5494}.Release|Mixed Platforms.Build.0 = Release|Any CPU
		{A2870A01-BAFD-4CAB-BA8B-7AA984BA5494}.Release|x86.ActiveCfg = Release|Any CPU
		{C2F951D8-2CB6-4AB5-9029-1EE3FCDB910A}.Debug|Any CPU.ActiveCfg = Debug|Any CPU
		{C2F951D8-2CB6-4AB5-9029-1EE3FCDB910A}.Debug|Any CPU.Build.0 = Debug|Any CPU
		{C2F951D8-2CB6-4AB5-9029-1EE3FCDB910A}.Debug|Mixed Platforms.ActiveCfg = Debug|Any CPU
		{C2F951D8-2CB6-4AB5-9029-1EE3FCDB910A}.Debug|Mixed Platforms.Build.0 = Debug|Any CPU
		{C2F951D8-2CB6-4AB5-9029-1EE3FCDB910A}.Debug|x86.ActiveCfg = Debug|Any CPU
		{C2F951D8-2CB6-4AB5-9029-1EE3FCDB910A}.Release|Any CPU.ActiveCfg = Release|Any CPU
		{C2F951D8-2CB6-4AB5-9029-1EE3FCDB910A}.Release|Any CPU.Build.0 = Release|Any CPU
		{C2F951D8-2CB6-4AB5-9029-1EE3FCDB910A}.Release|Mixed Platforms.ActiveCfg = Release|Any CPU
		{C2F951D8-2CB6-4AB5-9029-1EE3FCDB910A}.Release|Mixed Platforms.Build.0 = Release|Any CPU
		{C2F951D8-2CB6-4AB5-9029-1EE3FCDB910A}.Release|x86.ActiveCfg = Release|Any CPU
		{6BC952F2-FCA7-4178-8E01-7C94392CA4D6}.Debug|Any CPU.ActiveCfg = Debug|x86
		{6BC952F2-FCA7-4178-8E01-7C94392CA4D6}.Debug|Mixed Platforms.ActiveCfg = Debug|x86
		{6BC952F2-FCA7-4178-8E01-7C94392CA4D6}.Debug|Mixed Platforms.Build.0 = Debug|x86
		{6BC952F2-FCA7-4178-8E01-7C94392CA4D6}.Debug|x86.ActiveCfg = Debug|x86
		{6BC952F2-FCA7-4178-8E01-7C94392CA4D6}.Debug|x86.Build.0 = Debug|x86
		{6BC952F2-FCA7-4178-8E01-7C94392CA4D6}.Release|Any CPU.ActiveCfg = Release|x86
		{6BC952F2-FCA7-4178-8E01-7C94392CA4D6}.Release|Mixed Platforms.ActiveCfg = Release|x86
		{6BC952F2-FCA7-4178-8E01-7C94392CA4D6}.Release|Mixed Platforms.Build.0 = Release|x86
		{6BC952F2-FCA7-4178-8E01-7C94392CA4D6}.Release|x86.ActiveCfg = Release|x86
		{6BC952F2-FCA7-4178-8E01-7C94392CA4D6}.Release|x86.Build.0 = Release|x86
	EndGlobalSection
	GlobalSection(SolutionProperties) = preSolution
		HideSolutionNode = FALSE
	EndGlobalSection
EndGlobal
